
Microsoft Visual Studio Solution File, Format Version 12.00
# Visual Studio 14
VisualStudioVersion = 14.0.25420.1
MinimumVisualStudioVersion = 10.0.40219.1
Project("{FAE04EC0-301F-11D3-BF4B-00C04F79EFBC}") = "RoutePlannerConsole", "RoutePlannerConsole\RoutePlannerConsole.csproj", "{D4632D79-478E-45EB-82EE-876F24C20112}"
EndProject
Project("{FAE04EC0-301F-11D3-BF4B-00C04F79EFBC}") = "RoutePlannerLib", "RoutePlannerLib\RoutePlannerLib.csproj", "{5C824021-F962-4D1A-BEDE-A9B289638514}"
EndProject
Global
	GlobalSection(SolutionConfigurationPlatforms) = preSolution
		Debug|Any CPU = Debug|Any CPU
		Release|Any CPU = Release|Any CPU
	EndGlobalSection
	GlobalSection(ProjectConfigurationPlatforms) = postSolution
		{D4632D79-478E-45EB-82EE-876F24C20112}.Debug|Any CPU.ActiveCfg = Debug|Any CPU
		{D4632D79-478E-45EB-82EE-876F24C20112}.Debug|Any CPU.Build.0 = Debug|Any CPU
		{D4632D79-478E-45EB-82EE-876F24C20112}.Release|Any CPU.ActiveCfg = Release|Any CPU
		{D4632D79-478E-45EB-82EE-876F24C20112}.Release|Any CPU.Build.0 = Release|Any CPU
		{5C824021-F962-4D1A-BEDE-A9B289638514}.Debug|Any CPU.ActiveCfg = Debug|Any CPU
		{5C824021-F962-4D1A-BEDE-A9B289638514}.Debug|Any CPU.Build.0 = Debug|Any CPU
		{5C824021-F962-4D1A-BEDE-A9B289638514}.Release|Any CPU.ActiveCfg = Release|Any CPU
		{5C824021-F962-4D1A-BEDE-A9B289638514}.Release|Any CPU.Build.0 = Release|Any CPU
	EndGlobalSection
	GlobalSection(SolutionProperties) = preSolution
		HideSolutionNode = FALSE
	EndGlobalSection
EndGlobal
